
Microsoft Visual Studio Solution File, Format Version 12.00
# Visual Studio Version 17
VisualStudioVersion = 17.3.32825.248
MinimumVisualStudioVersion = 10.0.40219.1
Project("{FAE04EC0-301F-11D3-BF4B-00C04F79EFBC}") = "Queue and Trees", "Queue and Trees\Queue and Trees.csproj", "{FD3B61A5-03C6-4CE9-9A66-7786AC6FCDB3}"
EndProject
Global
	GlobalSection(SolutionConfigurationPlatforms) = preSolution
		Debug|Any CPU = Debug|Any CPU
		Release|Any CPU = Release|Any CPU
	EndGlobalSection
	GlobalSection(ProjectConfigurationPlatforms) = postSolution
		{FD3B61A5-03C6-4CE9-9A66-7786AC6FCDB3}.Debug|Any CPU.ActiveCfg = Debug|Any CPU
		{FD3B61A5-03C6-4CE9-9A66-7786AC6FCDB3}.Debug|Any CPU.Build.0 = Debug|Any CPU
		{FD3B61A5-03C6-4CE9-9A66-7786AC6FCDB3}.Release|Any CPU.ActiveCfg = Release|Any CPU
		{FD3B61A5-03C6-4CE9-9A66-7786AC6FCDB3}.Release|Any CPU.Build.0 = Release|Any CPU
	EndGlobalSection
	GlobalSection(SolutionProperties) = preSolution
		HideSolutionNode = FALSE
	EndGlobalSection
	GlobalSection(ExtensibilityGlobals) = postSolution
		SolutionGuid = {8CCB34F1-3051-4D26-956E-EC824071D93E}
	EndGlobalSection
EndGlobal
